{
  "name": "testhapi",
  "version": "1.0.0",
  "lockfileVersion": 1,
  "requires": true,
  "dependencies": {
    "hapi": {
      "version": "13.5.3",
      "resolved": "http://registry.npmjs.org/hapi/-/hapi-13.5.3.tgz",
      "integrity": "sha1-gYtdneXokGveaMoL0ZqTZWQTwCg=",
      "requires": {
        "accept": "2.x.x",
        "ammo": "2.x.x",
        "boom": "3.x.x",
        "call": "3.x.x",
        "catbox": "7.x.x",
        "catbox-memory": "2.x.x",
        "cryptiles": "3.x.x",
        "heavy": "4.x.x",
        "hoek": "4.x.x",
        "iron": "4.x.x",
        "items": "2.x.x",
        "joi": "8.x.x",
        "kilt": "2.x.x",
        "mimos": "3.x.x",
        "peekaboo": "2.x.x",
        "shot": "3.x.x",
        "statehood": "4.x.x",
        "subtext": "4.x.x",
        "topo": "2.x.x"
      },
      "dependencies": {
        "accept": {
          "version": "2.1.1",
          "resolved": "https://registry.npmjs.org/accept/-/accept-2.1.1.tgz",
          "integrity": "sha1-vJxvGDwBKdxy9yWIV+fMj0idD2E=",
          "requires": {
            "boom": "3.x.x",
            "hoek": "4.x.x"
          }
        },
        "ammo": {
          "version": "2.0.1",
          "resolved": "https://registry.npmjs.org/ammo/-/ammo-2.0.1.tgz",
          "integrity": "sha1-agfseOgSneLf01G6bnmDULJqMt8=",
          "requires": {
            "boom": "3.x.x",
            "hoek": "4.x.x"
          }
        },
        "boom": {
          "version": "3.2.0",
          "resolved": "https://registry.npmjs.org/boom/-/boom-3.2.0.tgz",
          "integrity": "sha1-Z92RhQy0gV4FGqXBi1eKS5o7/eg=",
          "requires": {
            "hoek": "4.x.x"
          }
        },
        "call": {
          "version": "3.0.2",
          "resolved": "https://registry.npmjs.org/call/-/call-3.0.2.tgz",
          "integrity": "sha1-y+/QTvwaB7kdxAllDrcKsuDSpx4=",
          "requires": {
            "boom": "3.x.x",
            "hoek": "4.x.x"
          }
        },
        "catbox": {
          "version": "7.1.1",
          "resolved": "http://registry.npmjs.org/catbox/-/catbox-7.1.1.tgz",
          "integrity": "sha1-KBkzXfpFs3JgubkZN+mWttCg09I=",
          "requires": {
            "boom": "3.x.x",
            "hoek": "4.x.x",
            "joi": "8.x.x"
          }
        },
        "catbox-memory": {
          "version": "2.0.2",
          "resolved": "https://registry.npmjs.org/catbox-memory/-/catbox-memory-2.0.2.tgz",
          "integrity": "sha1-XqRKtmYOUHtumE9qZW2K8sps6zs=",
          "requires": {
            "hoek": "4.x.x"
          }
        },
        "cryptiles": {
          "version": "3.0.1",
          "resolved": "https://registry.npmjs.org/cryptiles/-/cryptiles-3.0.1.tgz",
          "integrity": "sha1-4KDpAhk3Vq/Veqp2AtQ/VQczBeI=",
          "requires": {
            "boom": "3.x.x"
          }
        },
        "heavy": {
          "version": "4.0.1",
          "resolved": "https://registry.npmjs.org/heavy/-/heavy-4.0.1.tgz",
          "integrity": "sha1-UJAaFEiCU8K5VrAHKZbI9WGHA0Y=",
          "requires": {
            "boom": "3.x.x",
            "hoek": "4.x.x",
            "joi": "8.x.x"
          }
        },
        "hoek": {
          "version": "4.0.0",
          "resolved": "https://registry.npmjs.org/hoek/-/hoek-4.0.0.tgz",
          "integrity": "sha1-NCm9h9lUj9RU5PbIVCiZropB30o="
        },
        "iron": {
          "version": "4.0.1",
          "resolved": "https://registry.npmjs.org/iron/-/iron-4.0.1.tgz",
          "integrity": "sha1-yCKCABIdU89gu5BfHN3Dxb4Akys=",
          "requires": {
            "boom": "3.x.x",
            "cryptiles": "3.x.x",
            "hoek": "4.x.x"
          }
        },
        "items": {
          "version": "2.1.0",
          "resolved": "https://registry.npmjs.org/items/-/items-2.1.0.tgz",
          "integrity": "sha1-L9AdSJ5+xYYb8Q69td3KM4Q8hQ8="
        },
        "joi": {
          "version": "8.1.0",
          "resolved": "http://registry.npmjs.org/joi/-/joi-8.1.0.tgz",
          "integrity": "sha1-WhkJTM5oAJzhGDHzutOh4eCvotE=",
          "requires": {
            "hoek": "4.x.x",
            "isemail": "2.x.x",
            "moment": "2.x.x",
            "topo": "2.x.x"
          },
          "dependencies": {
            "isemail": {
              "version": "2.1.2",
              "resolved": "http://registry.npmjs.org/isemail/-/isemail-2.1.2.tgz",
              "integrity": "sha1-YkwVWmd0MRRopQN6k/G10fFmd6Q="
            },
            "moment": {
              "version": "2.13.0",
              "resolved": "http://registry.npmjs.org/moment/-/moment-2.13.0.tgz",
              "integrity": "sha1-JBYtmVIebUD5muaTnoBtITnqrFI="
            }
          }
        },
        "kilt": {
          "version": "2.0.1",
          "resolved": "https://registry.npmjs.org/kilt/-/kilt-2.0.1.tgz",
          "integrity": "sha1-bj33ed8bifSZgZ2pJS5vFc0BfzM=",
          "requires": {
            "hoek": "4.x.x"
          }
        },
        "mimos": {
          "version": "3.0.1",
          "resolved": "https://registry.npmjs.org/mimos/-/mimos-3.0.1.tgz",
          "integrity": "sha1-o/H/CaELVllHNDrDNyP1JGfWlfQ=",
          "requires": {
            "hoek": "4.x.x",
            "mime-db": "1.x.x"
          },
          "dependencies": {
            "mime-db": {
              "version": "1.23.0",
              "resolved": "http://registry.npmjs.org/mime-db/-/mime-db-1.23.0.tgz",
              "integrity": "sha1-oxtAcK2uon1zLqMzdApk0OyaZlk="
            }
          }
        },
        "peekaboo": {
          "version": "2.0.1",
          "resolved": "https://registry.npmjs.org/peekaboo/-/peekaboo-2.0.1.tgz",
          "integrity": "sha1-EQXxouquXY/p8In2/ummYCqCsus="
        },
        "shot": {
          "version": "3.1.0",
          "resolved": "https://registry.npmjs.org/shot/-/shot-3.1.0.tgz",
          "integrity": "sha1-kvOMYIWECwZNPBzZ14hC/FxPSDw="
        },
        "statehood": {
          "version": "4.0.1",
          "resolved": "https://registry.npmjs.org/statehood/-/statehood-4.0.1.tgz",
          "integrity": "sha1-hc6QUwTDCZi6zRwL93h/qKvGCVg=",
          "requires": {
            "boom": "3.x.x",
            "cryptiles": "3.x.x",
            "hoek": "4.x.x",
            "iron": "4.x.x",
            "items": "2.x.x",
            "joi": "8.x.x"
          }
        },
        "subtext": {
          "version": "4.0.3",
          "resolved": "https://registry.npmjs.org/subtext/-/subtext-4.0.3.tgz",
          "integrity": "sha1-XF2cVMxl/292f/Bzu4fsITUwhSQ=",
          "requires": {
            "boom": "3.x.x",
            "content": "3.x.x",
            "hoek": "4.x.x",
            "pez": "2.x.x",
            "wreck": "7.x.x"
          },
          "dependencies": {
            "content": {
              "version": "3.0.1",
              "resolved": "https://registry.npmjs.org/content/-/content-3.0.1.tgz",
              "integrity": "sha1-5PXwSKSw6kMiDEHADNOJWsBl8so=",
              "requires": {
                "boom": "3.x.x"
              }
            },
            "pez": {
              "version": "2.1.1",
              "resolved": "https://registry.npmjs.org/pez/-/pez-2.1.1.tgz",
              "integrity": "sha1-S1OYWcfr5v1pO5bh7UQriSxy7fI=",
              "requires": {
                "b64": "3.x.x",
                "boom": "3.x.x",
                "content": "3.x.x",
                "hoek": "4.x.x",
                "nigel": "2.x.x"
              },
              "dependencies": {
                "b64": {
                  "version": "3.0.1",
                  "resolved": "https://registry.npmjs.org/b64/-/b64-3.0.1.tgz",
                  "integrity": "sha1-F9ez+b8IG1/zGviRc55pUo1yYFo=",
                  "requires": {
                    "hoek": "4.x.x"
                  }
                },
                "nigel": {
                  "version": "2.0.1",
                  "resolved": "https://registry.npmjs.org/nigel/-/nigel-2.0.1.tgz",
                  "integrity": "sha1-ujcV/GMZsR6dYjKnPbDh3KprnBo=",
                  "requires": {
                    "hoek": "4.x.x",
                    "vise": "2.x.x"
                  },
                  "dependencies": {
                    "vise": {
                      "version": "2.0.1",
                      "resolved": "https://registry.npmjs.org/vise/-/vise-2.0.1.tgz",
                      "integrity": "sha1-RbryamPuomyvGp06bd9xaJVQh/Q=",
                      "requires": {
                        "hoek": "4.x.x"
                      }
                    }
                  }
                }
              }
            },
            "wreck": {
              "version": "7.2.1",
              "resolved": "https://registry.npmjs.org/wreck/-/wreck-7.2.1.tgz",
              "integrity": "sha1-7s0R0NkeozTWa7PsUjFUBdpokVg=",
              "requires": {
                "boom": "3.x.x",
                "hoek": "4.x.x"
              }
            }
          }
        },
        "topo": {
          "version": "2.0.1",
          "resolved": "https://registry.npmjs.org/topo/-/topo-2.0.1.tgz",
          "integrity": "sha1-yh9pqDQhjCG4JquywDNSEu3gS3U=",
          "requires": {
            "hoek": "4.x.x"
          }
        }
      }
    }
  }
}
